// !$*UTF8*$!
{
	archiveVersion = 1;
	classes = {
	};
	objectVersion = 56;
	objects = {

/* Begin PBXBuildFile section */
		2A15C7FB29B5C0B300481227 /* AppDelegate.swift in Sources */ = {isa = PBXBuildFile; fileRef = 2A15C7FA29B5C0B300481227 /* AppDelegate.swift */; };
		2A15C7FD29B5C0B300481227 /* SceneDelegate.swift in Sources */ = {isa = PBXBuildFile; fileRef = 2A15C7FC29B5C0B300481227 /* SceneDelegate.swift */; };
		2A15C7FF29B5C0B300481227 /* ViewController.swift in Sources */ = {isa = PBXBuildFile; fileRef = 2A15C7FE29B5C0B300481227 /* ViewController.swift */; };
		2A15C80229B5C0B300481227 /* Main.storyboard in Resources */ = {isa = PBXBuildFile; fileRef = 2A15C80029B5C0B300481227 /* Main.storyboard */; };
		2A15C80429B5C0B400481227 /* Assets.xcassets in Resources */ = {isa = PBXBuildFile; fileRef = 2A15C80329B5C0B400481227 /* Assets.xcassets */; };
		2A15C80729B5C0B400481227 /* LaunchScreen.storyboard in Resources */ = {isa = PBXBuildFile; fileRef = 2A15C80529B5C0B400481227 /* LaunchScreen.storyboard */; };
		2A2A95DB29D01FA60084BFFE /* RemoveRefeicaoViewController.swift in Sources */ = {isa = PBXBuildFile; fileRef = 2A2A95DA29D01FA60084BFFE /* RemoveRefeicaoViewController.swift */; };
		2A5288C229C6E53D006CE11E /* AdicionarItensViewController.swift in Sources */ = {isa = PBXBuildFile; fileRef = 2A5288C029C6E53D006CE11E /* AdicionarItensViewController.swift */; };
		2A5288C329C6E53D006CE11E /* AdicionarItensViewController.xib in Resources */ = {isa = PBXBuildFile; fileRef = 2A5288C129C6E53D006CE11E /* AdicionarItensViewController.xib */; };
		2A64A0D629B97A8700BC5893 /* Refeicao.swift in Sources */ = {isa = PBXBuildFile; fileRef = 2A64A0D529B97A8700BC5893 /* Refeicao.swift */; };
		2A64A0DA29B97B1500BC5893 /* Item.swift in Sources */ = {isa = PBXBuildFile; fileRef = 2A64A0D929B97B1500BC5893 /* Item.swift */; };
		2A924C3229BD9D620050A330 /* RefeicoesTableViewController.swift in Sources */ = {isa = PBXBuildFile; fileRef = 2A924C3129BD9D620050A330 /* RefeicoesTableViewController.swift */; };
		2A9B79EB29CA64F100BF6D50 /* Alerta.swift in Sources */ = {isa = PBXBuildFile; fileRef = 2A9B79EA29CA64F100BF6D50 /* Alerta.swift */; };
		2ABDB49229D148E600571203 /* RefeicaoDao.swift in Sources */ = {isa = PBXBuildFile; fileRef = 2ABDB49129D148E600571203 /* RefeicaoDao.swift */; };
		2AC7C25E29D14E4B008DB4FC /* ItemDao.swift in Sources */ = {isa = PBXBuildFile; fileRef = 2AC7C25D29D14E4B008DB4FC /* ItemDao.swift */; };
/* End PBXBuildFile section */

/* Begin PBXFileReference section */
		2A15C7F729B5C0B300481227 /* eggplant-brownie.app */ = {isa = PBXFileReference; explicitFileType = wrapper.application; includeInIndex = 0; path = "eggplant-brownie.app"; sourceTree = BUILT_PRODUCTS_DIR; };
		2A15C7FA29B5C0B300481227 /* AppDelegate.swift */ = {isa = PBXFileReference; lastKnownFileType = sourcecode.swift; path = AppDelegate.swift; sourceTree = "<group>"; tabWidth = 3; };
		2A15C7FC29B5C0B300481227 /* SceneDelegate.swift */ = {isa = PBXFileReference; lastKnownFileType = sourcecode.swift; path = SceneDelegate.swift; sourceTree = "<group>"; };
		2A15C7FE29B5C0B300481227 /* ViewController.swift */ = {isa = PBXFileReference; lastKnownFileType = sourcecode.swift; path = ViewController.swift; sourceTree = "<group>"; };
		2A15C80129B5C0B300481227 /* Base */ = {isa = PBXFileReference; lastKnownFileType = file.storyboard; name = Base; path = Base.lproj/Main.storyboard; sourceTree = "<group>"; };
		2A15C80329B5C0B400481227 /* Assets.xcassets */ = {isa = PBXFileReference; lastKnownFileType = folder.assetcatalog; path = Assets.xcassets; sourceTree = "<group>"; };
		2A15C80629B5C0B400481227 /* Base */ = {isa = PBXFileReference; lastKnownFileType = file.storyboard; name = Base; path = Base.lproj/LaunchScreen.storyboard; sourceTree = "<group>"; };
		2A15C80829B5C0B400481227 /* Info.plist */ = {isa = PBXFileReference; lastKnownFileType = text.plist.xml; path = Info.plist; sourceTree = "<group>"; };
		2A2A95DA29D01FA60084BFFE /* RemoveRefeicaoViewController.swift */ = {isa = PBXFileReference; lastKnownFileType = sourcecode.swift; path = RemoveRefeicaoViewController.swift; sourceTree = "<group>"; };
		2A5288C029C6E53D006CE11E /* AdicionarItensViewController.swift */ = {isa = PBXFileReference; lastKnownFileType = sourcecode.swift; name = AdicionarItensViewController.swift; path = ../Views/AdicionarItensViewController.swift; sourceTree = "<group>"; };
		2A5288C129C6E53D006CE11E /* AdicionarItensViewController.xib */ = {isa = PBXFileReference; lastKnownFileType = file.xib; path = AdicionarItensViewController.xib; sourceTree = "<group>"; };
		2A64A0D529B97A8700BC5893 /* Refeicao.swift */ = {isa = PBXFileReference; lastKnownFileType = sourcecode.swift; path = Refeicao.swift; sourceTree = "<group>"; };
		2A64A0D929B97B1500BC5893 /* Item.swift */ = {isa = PBXFileReference; lastKnownFileType = sourcecode.swift; path = Item.swift; sourceTree = "<group>"; };
		2A924C3129BD9D620050A330 /* RefeicoesTableViewController.swift */ = {isa = PBXFileReference; lastKnownFileType = sourcecode.swift; path = RefeicoesTableViewController.swift; sourceTree = "<group>"; tabWidth = 5; };
		2A9B79EA29CA64F100BF6D50 /* Alerta.swift */ = {isa = PBXFileReference; lastKnownFileType = sourcecode.swift; path = Alerta.swift; sourceTree = "<group>"; };
		2ABDB49129D148E600571203 /* RefeicaoDao.swift */ = {isa = PBXFileReference; lastKnownFileType = sourcecode.swift; path = RefeicaoDao.swift; sourceTree = "<group>"; };
		2AC7C25D29D14E4B008DB4FC /* ItemDao.swift */ = {isa = PBXFileReference; lastKnownFileType = sourcecode.swift; path = ItemDao.swift; sourceTree = "<group>"; };
/* End PBXFileReference section */

/* Begin PBXFrameworksBuildPhase section */
		2A15C7F429B5C0B300481227 /* Frameworks */ = {
			isa = PBXFrameworksBuildPhase;
			buildActionMask = 2147483647;
			files = (
			);
			runOnlyForDeploymentPostprocessing = 0;
		};
/* End PBXFrameworksBuildPhase section */

/* Begin PBXGroup section */
		2A15C7EE29B5C0B300481227 = {
			isa = PBXGroup;
			children = (
				2A15C7F929B5C0B300481227 /* eggplant-brownie */,
				2A15C7F829B5C0B300481227 /* Products */,
			);
			sourceTree = "<group>";
		};
		2A15C7F829B5C0B300481227 /* Products */ = {
			isa = PBXGroup;
			children = (
				2A15C7F729B5C0B300481227 /* eggplant-brownie.app */,
			);
			name = Products;
			sourceTree = "<group>";
		};
		2A15C7F929B5C0B300481227 /* eggplant-brownie */ = {
			isa = PBXGroup;
			children = (
				2A15C7FA29B5C0B300481227 /* AppDelegate.swift */,
				2A15C7FC29B5C0B300481227 /* SceneDelegate.swift */,
				2A64A0DC29B97B9300BC5893 /* Models */,
				2A64A0DB29B97B7400BC5893 /* Views */,
				2A64A0DD29B97BCD00BC5893 /* Controllers */,
				2A15C80329B5C0B400481227 /* Assets.xcassets */,
				2A15C80529B5C0B400481227 /* LaunchScreen.storyboard */,
				2A15C80829B5C0B400481227 /* Info.plist */,
			);
			path = "eggplant-brownie";
			sourceTree = "<group>";
		};
		2A64A0DB29B97B7400BC5893 /* Views */ = {
			isa = PBXGroup;
			children = (
				2A15C80029B5C0B300481227 /* Main.storyboard */,
				2A5288C129C6E53D006CE11E /* AdicionarItensViewController.xib */,
			);
			path = Views;
			sourceTree = "<group>";
		};
		2A64A0DC29B97B9300BC5893 /* Models */ = {
			isa = PBXGroup;
			children = (
				2A64A0D529B97A8700BC5893 /* Refeicao.swift */,
				2A64A0D929B97B1500BC5893 /* Item.swift */,
				2A9B79EA29CA64F100BF6D50 /* Alerta.swift */,
				2ABDB49129D148E600571203 /* RefeicaoDao.swift */,
				2AC7C25D29D14E4B008DB4FC /* ItemDao.swift */,
			);
			path = Models;
			sourceTree = "<group>";
		};
		2A64A0DD29B97BCD00BC5893 /* Controllers */ = {
			isa = PBXGroup;
			children = (
				2A15C7FE29B5C0B300481227 /* ViewController.swift */,
				2A924C3129BD9D620050A330 /* RefeicoesTableViewController.swift */,
				2A5288C029C6E53D006CE11E /* AdicionarItensViewController.swift */,
				2A2A95DA29D01FA60084BFFE /* RemoveRefeicaoViewController.swift */,
			);
			path = Controllers;
			sourceTree = "<group>";
		};
/* End PBXGroup section */

/* Begin PBXNativeTarget section */
		2A15C7F629B5C0B300481227 /* eggplant-brownie */ = {
			isa = PBXNativeTarget;
			buildConfigurationList = 2A15C80B29B5C0B400481227 /* Build configuration list for PBXNativeTarget "eggplant-brownie" */;
			buildPhases = (
				2A15C7F329B5C0B300481227 /* Sources */,
				2A15C7F429B5C0B300481227 /* Frameworks */,
				2A15C7F529B5C0B300481227 /* Resources */,
			);
			buildRules = (
			);
			dependencies = (
			);
			name = "eggplant-brownie";
			productName = "eggplant-brownie";
			productReference = 2A15C7F729B5C0B300481227 /* eggplant-brownie.app */;
			productType = "com.apple.product-type.application";
		};
/* End PBXNativeTarget section */

/* Begin PBXProject section */
		2A15C7EF29B5C0B300481227 /* Project object */ = {
			isa = PBXProject;
			attributes = {
				BuildIndependentTargetsInParallel = 1;
				LastSwiftUpdateCheck = 1410;
				LastUpgradeCheck = 1410;
				TargetAttributes = {
					2A15C7F629B5C0B300481227 = {
						CreatedOnToolsVersion = 14.1;
					};
				};
			};
			buildConfigurationList = 2A15C7F229B5C0B300481227 /* Build configuration list for PBXProject "eggplant-brownie" */;
			compatibilityVersion = "Xcode 14.0";
			developmentRegion = en;
			hasScannedForEncodings = 0;
			knownRegions = (
				en,
				Base,
			);
			mainGroup = 2A15C7EE29B5C0B300481227;
			productRefGroup = 2A15C7F829B5C0B300481227 /* Products */;
			projectDirPath = "";
			projectRoot = "";
			targets = (
				2A15C7F629B5C0B300481227 /* eggplant-brownie */,
			);
		};
/* End PBXProject section */

/* Begin PBXResourcesBuildPhase section */
		2A15C7F529B5C0B300481227 /* Resources */ = {
			isa = PBXResourcesBuildPhase;
			buildActionMask = 2147483647;
			files = (
				2A15C80729B5C0B400481227 /* LaunchScreen.storyboard in Resources */,
				2A15C80429B5C0B400481227 /* Assets.xcassets in Resources */,
				2A5288C329C6E53D006CE11E /* AdicionarItensViewController.xib in Resources */,
				2A15C80229B5C0B300481227 /* Main.storyboard in Resources */,
			);
			runOnlyForDeploymentPostprocessing = 0;
		};
/* End PBXResourcesBuildPhase section */

/* Begin PBXSourcesBuildPhase section */
		2A15C7F329B5C0B300481227 /* Sources */ = {
			isa = PBXSourcesBuildPhase;
			buildActionMask = 2147483647;
			files = (
				2A9B79EB29CA64F100BF6D50 /* Alerta.swift in Sources */,
				2A64A0DA29B97B1500BC5893 /* Item.swift in Sources */,
				2A15C7FF29B5C0B300481227 /* ViewController.swift in Sources */,
				2A5288C229C6E53D006CE11E /* AdicionarItensViewController.swift in Sources */,
				2AC7C25E29D14E4B008DB4FC /* ItemDao.swift in Sources */,
				2ABDB49229D148E600571203 /* RefeicaoDao.swift in Sources */,
				2A15C7FB29B5C0B300481227 /* AppDelegate.swift in Sources */,
				2A924C3229BD9D620050A330 /* RefeicoesTableViewController.swift in Sources */,
				2A15C7FD29B5C0B300481227 /* SceneDelegate.swift in Sources */,
				2A64A0D629B97A8700BC5893 /* Refeicao.swift in Sources */,
				2A2A95DB29D01FA60084BFFE /* RemoveRefeicaoViewController.swift in Sources */,
			);
			runOnlyForDeploymentPostprocessing = 0;
		};
/* End PBXSourcesBuildPhase section */

/* Begin PBXVariantGroup section */
		2A15C80029B5C0B300481227 /* Main.storyboard */ = {
			isa = PBXVariantGroup;
			children = (
				2A15C80129B5C0B300481227 /* Base */,
			);
			name = Main.storyboard;
			sourceTree = "<group>";
		};
		2A15C80529B5C0B400481227 /* LaunchScreen.storyboard */ = {
			isa = PBXVariantGroup;
			children = (
				2A15C80629B5C0B400481227 /* Base */,
			);
			name = LaunchScreen.storyboard;
			sourceTree = "<group>";
		};
/* End PBXVariantGroup section */

/* Begin XCBuildConfiguration section */
		2A15C80929B5C0B400481227 /* Debug */ = {
			isa = XCBuildConfiguration;
			buildSettings = {
				ALWAYS_SEARCH_USER_PATHS = NO;
				CLANG_ANALYZER_NONNULL = YES;
				CLANG_ANALYZER_NUMBER_OBJECT_CONVERSION = YES_AGGRESSIVE;
				CLANG_CXX_LANGUAGE_STANDARD = "gnu++20";
				CLANG_ENABLE_MODULES = YES;
				CLANG_ENABLE_OBJC_ARC = YES;
				CLANG_ENABLE_OBJC_WEAK = YES;
				CLANG_WARN_BLOCK_CAPTURE_AUTORELEASING = YES;
				CLANG_WARN_BOOL_CONVERSION = YES;
				CLANG_WARN_COMMA = YES;
				CLANG_WARN_CONSTANT_CONVERSION = YES;
				CLANG_WARN_DEPRECATED_OBJC_IMPLEMENTATIONS = YES;
				CLANG_WARN_DIRECT_OBJC_ISA_USAGE = YES_ERROR;
				CLANG_WARN_DOCUMENTATION_COMMENTS = YES;
				CLANG_WARN_EMPTY_BODY = YES;
				CLANG_WARN_ENUM_CONVERSION = YES;
				CLANG_WARN_INFINITE_RECURSION = YES;
				CLANG_WARN_INT_CONVERSION = YES;
				CLANG_WARN_NON_LITERAL_NULL_CONVERSION = YES;
				CLANG_WARN_OBJC_IMPLICIT_RETAIN_SELF = YES;
				CLANG_WARN_OBJC_LITERAL_CONVERSION = YES;
				CLANG_WARN_OBJC_ROOT_CLASS = YES_ERROR;
				CLANG_WARN_QUOTED_INCLUDE_IN_FRAMEWORK_HEADER = YES;
				CLANG_WARN_RANGE_LOOP_ANALYSIS = YES;
				CLANG_WARN_STRICT_PROTOTYPES = YES;
				CLANG_WARN_SUSPICIOUS_MOVE = YES;
				CLANG_WARN_UNGUARDED_AVAILABILITY = YES_AGGRESSIVE;
				CLANG_WARN_UNREACHABLE_CODE = YES;
				CLANG_WARN__DUPLICATE_METHOD_MATCH = YES;
				COPY_PHASE_STRIP = NO;
				DEBUG_INFORMATION_FORMAT = dwarf;
				ENABLE_STRICT_OBJC_MSGSEND = YES;
				ENABLE_TESTABILITY = YES;
				GCC_C_LANGUAGE_STANDARD = gnu11;
				GCC_DYNAMIC_NO_PIC = NO;
				GCC_NO_COMMON_BLOCKS = YES;
				GCC_OPTIMIZATION_LEVEL = 0;
				GCC_PREPROCESSOR_DEFINITIONS = (
					"DEBUG=1",
					"$(inherited)",
				);
				GCC_WARN_64_TO_32_BIT_CONVERSION = YES;
				GCC_WARN_ABOUT_RETURN_TYPE = YES_ERROR;
				GCC_WARN_UNDECLARED_SELECTOR = YES;
				GCC_WARN_UNINITIALIZED_AUTOS = YES_AGGRESSIVE;
				GCC_WARN_UNUSED_FUNCTION = YES;
				GCC_WARN_UNUSED_VARIABLE = YES;
				IPHONEOS_DEPLOYMENT_TARGET = 16.1;
				MTL_ENABLE_DEBUG_INFO = INCLUDE_SOURCE;
				MTL_FAST_MATH = YES;
				ONLY_ACTIVE_ARCH = YES;
				SDKROOT = iphoneos;
				SWIFT_ACTIVE_COMPILATION_CONDITIONS = DEBUG;
				SWIFT_OPTIMIZATION_LEVEL = "-Onone";
			};
			name = Debug;
		};
		2A15C80A29B5C0B400481227 /* Release */ = {
			isa = XCBuildConfiguration;
			buildSettings = {
				ALWAYS_SEARCH_USER_PATHS = NO;
				CLANG_ANALYZER_NONNULL = YES;
				CLANG_ANALYZER_NUMBER_OBJECT_CONVERSION = YES_AGGRESSIVE;
				CLANG_CXX_LANGUAGE_STANDARD = "gnu++20";
				CLANG_ENABLE_MODULES = YES;
				CLANG_ENABLE_OBJC_ARC = YES;
				CLANG_ENABLE_OBJC_WEAK = YES;
				CLANG_WARN_BLOCK_CAPTURE_AUTORELEASING = YES;
				CLANG_WARN_BOOL_CONVERSION = YES;
				CLANG_WARN_COMMA = YES;
				CLANG_WARN_CONSTANT_CONVERSION = YES;
				CLANG_WARN_DEPRECATED_OBJC_IMPLEMENTATIONS = YES;
				CLANG_WARN_DIRECT_OBJC_ISA_USAGE = YES_ERROR;
				CLANG_WARN_DOCUMENTATION_COMMENTS = YES;
				CLANG_WARN_EMPTY_BODY = YES;
				CLANG_WARN_ENUM_CONVERSION = YES;
				CLANG_WARN_INFINITE_RECURSION = YES;
				CLANG_WARN_INT_CONVERSION = YES;
				CLANG_WARN_NON_LITERAL_NULL_CONVERSION = YES;
				CLANG_WARN_OBJC_IMPLICIT_RETAIN_SELF = YES;
				CLANG_WARN_OBJC_LITERAL_CONVERSION = YES;
				CLANG_WARN_OBJC_ROOT_CLASS = YES_ERROR;
				CLANG_WARN_QUOTED_INCLUDE_IN_FRAMEWORK_HEADER = YES;
				CLANG_WARN_RANGE_LOOP_ANALYSIS = YES;
				CLANG_WARN_STRICT_PROTOTYPES = YES;
				CLANG_WARN_SUSPICIOUS_MOVE = YES;
				CLANG_WARN_UNGUARDED_AVAILABILITY = YES_AGGRESSIVE;
				CLANG_WARN_UNREACHABLE_CODE = YES;
				CLANG_WARN__DUPLICATE_METHOD_MATCH = YES;
				COPY_PHASE_STRIP = NO;
				DEBUG_INFORMATION_FORMAT = "dwarf-with-dsym";
				ENABLE_NS_ASSERTIONS = NO;
				ENABLE_STRICT_OBJC_MSGSEND = YES;
				GCC_C_LANGUAGE_STANDARD = gnu11;
				GCC_NO_COMMON_BLOCKS = YES;
				GCC_WARN_64_TO_32_BIT_CONVERSION = YES;
				GCC_WARN_ABOUT_RETURN_TYPE = YES_ERROR;
				GCC_WARN_UNDECLARED_SELECTOR = YES;
				GCC_WARN_UNINITIALIZED_AUTOS = YES_AGGRESSIVE;
				GCC_WARN_UNUSED_FUNCTION = YES;
				GCC_WARN_UNUSED_VARIABLE = YES;
				IPHONEOS_DEPLOYMENT_TARGET = 16.1;
				MTL_ENABLE_DEBUG_INFO = NO;
				MTL_FAST_MATH = YES;
				SDKROOT = iphoneos;
				SWIFT_COMPILATION_MODE = wholemodule;
				SWIFT_OPTIMIZATION_LEVEL = "-O";
				VALIDATE_PRODUCT = YES;
			};
			name = Release;
		};
		2A15C80C29B5C0B400481227 /* Debug */ = {
			isa = XCBuildConfiguration;
			buildSettings = {
				ASSETCATALOG_COMPILER_APPICON_NAME = AppIcon;
				ASSETCATALOG_COMPILER_GLOBAL_ACCENT_COLOR_NAME = AccentColor;
				CODE_SIGN_STYLE = Automatic;
				CURRENT_PROJECT_VERSION = 1;
				DEVELOPMENT_TEAM = 9FV2U5727B;
				GENERATE_INFOPLIST_FILE = YES;
				INFOPLIST_FILE = "eggplant-brownie/Info.plist";
				INFOPLIST_KEY_UIApplicationSupportsIndirectInputEvents = YES;
				INFOPLIST_KEY_UILaunchStoryboardName = LaunchScreen;
				INFOPLIST_KEY_UIMainStoryboardFile = Main;
				INFOPLIST_KEY_UISupportedInterfaceOrientations_iPad = "UIInterfaceOrientationPortrait UIInterfaceOrientationPortraitUpsideDown UIInterfaceOrientationLandscapeLeft UIInterfaceOrientationLandscapeRight";
				INFOPLIST_KEY_UISupportedInterfaceOrientations_iPhone = "UIInterfaceOrientationPortrait UIInterfaceOrientationLandscapeLeft UIInterfaceOrientationLandscapeRight";
				LD_RUNPATH_SEARCH_PATHS = (
					"$(inherited)",
					"@executable_path/Frameworks",
				);
				MARKETING_VERSION = 1.0;
				PRODUCT_BUNDLE_IDENTIFIER = "app.netlify.enricogollner.eggplant-brownie";
				PRODUCT_NAME = "$(TARGET_NAME)";
				SWIFT_EMIT_LOC_STRINGS = YES;
				SWIFT_VERSION = 5.0;
				TARGETED_DEVICE_FAMILY = "1,2";
			};
			name = Debug;
		};
		2A15C80D29B5C0B400481227 /* Release */ = {
			isa = XCBuildConfiguration;
			buildSettings = {
				ASSETCATALOG_COMPILER_APPICON_NAME = AppIcon;
				ASSETCATALOG_COMPILER_GLOBAL_ACCENT_COLOR_NAME = AccentColor;
				CODE_SIGN_STYLE = Automatic;
				CURRENT_PROJECT_VERSION = 1;
				DEVELOPMENT_TEAM = 9FV2U5727B;
				GENERATE_INFOPLIST_FILE = YES;
				INFOPLIST_FILE = "eggplant-brownie/Info.plist";
				INFOPLIST_KEY_UIApplicationSupportsIndirectInputEvents = YES;
				INFOPLIST_KEY_UILaunchStoryboardName = LaunchScreen;
				INFOPLIST_KEY_UIMainStoryboardFile = Main;
				INFOPLIST_KEY_UISupportedInterfaceOrientations_iPad = "UIInterfaceOrientationPortrait UIInterfaceOrientationPortraitUpsideDown UIInterfaceOrientationLandscapeLeft UIInterfaceOrientationLandscapeRight";
				INFOPLIST_KEY_UISupportedInterfaceOrientations_iPhone = "UIInterfaceOrientationPortrait UIInterfaceOrientationLandscapeLeft UIInterfaceOrientationLandscapeRight";
				LD_RUNPATH_SEARCH_PATHS = (
					"$(inherited)",
					"@executable_path/Frameworks",
				);
				MARKETING_VERSION = 1.0;
				PRODUCT_BUNDLE_IDENTIFIER = "app.netlify.enricogollner.eggplant-brownie";
				PRODUCT_NAME = "$(TARGET_NAME)";
				SWIFT_EMIT_LOC_STRINGS = YES;
				SWIFT_VERSION = 5.0;
				TARGETED_DEVICE_FAMILY = "1,2";
			};
			name = Release;
		};
/* End XCBuildConfiguration section */

/* Begin XCConfigurationList section */
		2A15C7F229B5C0B300481227 /* Build configuration list for PBXProject "eggplant-brownie" */ = {
			isa = XCConfigurationList;
			buildConfigurations = (
				2A15C80929B5C0B400481227 /* Debug */,
				2A15C80A29B5C0B400481227 /* Release */,
			);
			defaultConfigurationIsVisible = 0;
			defaultConfigurationName = Release;
		};
		2A15C80B29B5C0B400481227 /* Build configuration list for PBXNativeTarget "eggplant-brownie" */ = {
			isa = XCConfigurationList;
			buildConfigurations = (
				2A15C80C29B5C0B400481227 /* Debug */,
				2A15C80D29B5C0B400481227 /* Release */,
			);
			defaultConfigurationIsVisible = 0;
			defaultConfigurationName = Release;
		};
/* End XCConfigurationList section */
	};
	rootObject = 2A15C7EF29B5C0B300481227 /* Project object */;
}
